Microsoft Visual Studio Solution File, Format Version 8.00
Project("{8BC9CEB8-8B4A-11D0-8D11-00A0C91BC942}") = "LataleClient", "LataleClient\LataleClient.vcproj", "{AA4D7DE0-E0C4-4E8F-B4CF-A2D03385CC15}"
	ProjectSection(ProjectDependencies) = postProject
		{D7DF051C-CA67-4849-9315-009A62CFC762} = {D7DF051C-CA67-4849-9315-009A62CFC762}
	EndProjectSection
EndProject
Project("{8BC9CEB8-8B4A-11D0-8D11-00A0C91BC942}") = "SPCore", "SPCore\SPCore.vcproj", "{D7DF051C-CA67-4849-9315-009A62CFC762}"
	ProjectSection(ProjectDependencies) = postProject
	EndProjectSection
EndProject
Global
	GlobalSection(SolutionConfiguration) = preSolution
		Debug = Debug
		Debug_Just_Run = Debug_Just_Run
		DEBUG_NEWPACK = DEBUG_NEWPACK
		DEBUG_RES_ELIAS = DEBUG_RES_ELIAS
		DEBUG_RES_LOCAL = DEBUG_RES_LOCAL
		mycfg = mycfg
		Release = Release
		Release_Just_Run = Release_Just_Run
		RELEASE_RES_BELOS = RELEASE_RES_BELOS
		ReleaseDebug = ReleaseDebug
	EndGlobalSection
	GlobalSection(ProjectConfiguration) = postSolution
		{AA4D7DE0-E0C4-4E8F-B4CF-A2D03385CC15}.Debug.ActiveCfg = Debug|Win32
		{AA4D7DE0-E0C4-4E8F-B4CF-A2D03385CC15}.Debug.Build.0 = Debug|Win32
		{AA4D7DE0-E0C4-4E8F-B4CF-A2D03385CC15}.Debug_Just_Run.ActiveCfg = Debug_Just_Run|Win32
		{AA4D7DE0-E0C4-4E8F-B4CF-A2D03385CC15}.Debug_Just_Run.Build.0 = Debug_Just_Run|Win32
		{AA4D7DE0-E0C4-4E8F-B4CF-A2D03385CC15}.DEBUG_NEWPACK.ActiveCfg = DEBUG_NEWPACK|Win32
		{AA4D7DE0-E0C4-4E8F-B4CF-A2D03385CC15}.DEBUG_NEWPACK.Build.0 = DEBUG_NEWPACK|Win32
		{AA4D7DE0-E0C4-4E8F-B4CF-A2D03385CC15}.DEBUG_RES_ELIAS.ActiveCfg = DEBUG_RES_ELIAS|Win32
		{AA4D7DE0-E0C4-4E8F-B4CF-A2D03385CC15}.DEBUG_RES_ELIAS.Build.0 = DEBUG_RES_ELIAS|Win32
		{AA4D7DE0-E0C4-4E8F-B4CF-A2D03385CC15}.DEBUG_RES_LOCAL.ActiveCfg = DEBUG_RES_LOCAL|Win32
		{AA4D7DE0-E0C4-4E8F-B4CF-A2D03385CC15}.DEBUG_RES_LOCAL.Build.0 = DEBUG_RES_LOCAL|Win32
		{AA4D7DE0-E0C4-4E8F-B4CF-A2D03385CC15}.mycfg.ActiveCfg = Debug|Win32
		{AA4D7DE0-E0C4-4E8F-B4CF-A2D03385CC15}.mycfg.Build.0 = Debug|Win32
		{AA4D7DE0-E0C4-4E8F-B4CF-A2D03385CC15}.Release.ActiveCfg = Release|Win32
		{AA4D7DE0-E0C4-4E8F-B4CF-A2D03385CC15}.Release.Build.0 = Release|Win32
		{AA4D7DE0-E0C4-4E8F-B4CF-A2D03385CC15}.Release_Just_Run.ActiveCfg = Release_Just_Run|Win32
		{AA4D7DE0-E0C4-4E8F-B4CF-A2D03385CC15}.Release_Just_Run.Build.0 = Release_Just_Run|Win32
		{AA4D7DE0-E0C4-4E8F-B4CF-A2D03385CC15}.RELEASE_RES_BELOS.ActiveCfg = RELEASE_RES_BELOS|Win32
		{AA4D7DE0-E0C4-4E8F-B4CF-A2D03385CC15}.RELEASE_RES_BELOS.Build.0 = RELEASE_RES_BELOS|Win32
		{AA4D7DE0-E0C4-4E8F-B4CF-A2D03385CC15}.ReleaseDebug.ActiveCfg = ReleaseDebug|Win32
		{AA4D7DE0-E0C4-4E8F-B4CF-A2D03385CC15}.ReleaseDebug.Build.0 = ReleaseDebug|Win32
		{D7DF051C-CA67-4849-9315-009A62CFC762}.Debug.ActiveCfg = Debug|Win32
		{D7DF051C-CA67-4849-9315-009A62CFC762}.Debug.Build.0 = Debug|Win32
		{D7DF051C-CA67-4849-9315-009A62CFC762}.Debug_Just_Run.ActiveCfg = Debug_Just_Run|Win32
		{D7DF051C-CA67-4849-9315-009A62CFC762}.Debug_Just_Run.Build.0 = Debug_Just_Run|Win32
		{D7DF051C-CA67-4849-9315-009A62CFC762}.DEBUG_NEWPACK.ActiveCfg = DEBUG_NEWPACK|Win32
		{D7DF051C-CA67-4849-9315-009A62CFC762}.DEBUG_NEWPACK.Build.0 = DEBUG_NEWPACK|Win32
		{D7DF051C-CA67-4849-9315-009A62CFC762}.DEBUG_RES_ELIAS.ActiveCfg = Debug|Win32
		{D7DF051C-CA67-4849-9315-009A62CFC762}.DEBUG_RES_ELIAS.Build.0 = Debug|Win32
		{D7DF051C-CA67-4849-9315-009A62CFC762}.DEBUG_RES_LOCAL.ActiveCfg = DEBUG_RES_LOCAL|Win32
		{D7DF051C-CA67-4849-9315-009A62CFC762}.DEBUG_RES_LOCAL.Build.0 = DEBUG_RES_LOCAL|Win32
		{D7DF051C-CA67-4849-9315-009A62CFC762}.mycfg.ActiveCfg = Release|Win32
		{D7DF051C-CA67-4849-9315-009A62CFC762}.mycfg.Build.0 = Release|Win32
		{D7DF051C-CA67-4849-9315-009A62CFC762}.Release.ActiveCfg = Release|Win32
		{D7DF051C-CA67-4849-9315-009A62CFC762}.Release.Build.0 = Release|Win32
		{D7DF051C-CA67-4849-9315-009A62CFC762}.Release_Just_Run.ActiveCfg = Release_Just_Run|Win32
		{D7DF051C-CA67-4849-9315-009A62CFC762}.Release_Just_Run.Build.0 = Release_Just_Run|Win32
		{D7DF051C-CA67-4849-9315-009A62CFC762}.RELEASE_RES_BELOS.ActiveCfg = Release|Win32
		{D7DF051C-CA67-4849-9315-009A62CFC762}.RELEASE_RES_BELOS.Build.0 = Release|Win32
		{D7DF051C-CA67-4849-9315-009A62CFC762}.ReleaseDebug.ActiveCfg = ReleaseDebug|Win32
		{D7DF051C-CA67-4849-9315-009A62CFC762}.ReleaseDebug.Build.0 = ReleaseDebug|Win32
	EndGlobalSection
	GlobalSection(ExtensibilityGlobals) = postSolution
	EndGlobalSection
	GlobalSection(ExtensibilityAddIns) = postSolution
	EndGlobalSection
EndGlobal
